
Microsoft Visual Studio Solution File, Format Version 12.00
# Visual Studio 2012
Project("{FAE04EC0-301F-11D3-BF4B-00C04F79EFBC}") = "UPP", "UPP\UPP.csproj", "{AA205FC7-874F-4FFC-AC19-DC0D74EAE4E5}"
EndProject
Project("{FAE04EC0-301F-11D3-BF4B-00C04F79EFBC}") = "Meta", "Meta\Meta.csproj", "{AE976F36-3E2D-4BDF-AA2B-8EDAA5543315}"
EndProject
Project("{FAE04EC0-301F-11D3-BF4B-00C04F79EFBC}") = "Rest", "Rest\Rest.csproj", "{6E03C317-ABAD-441F-9ED4-B893F74DC987}"
EndProject
Project("{FAE04EC0-301F-11D3-BF4B-00C04F79EFBC}") = "Ajax", "Ajax\Ajax.csproj", "{07A22D36-D52B-4E5F-9070-352C352EF460}"
EndProject
Project("{FAE04EC0-301F-11D3-BF4B-00C04F79EFBC}") = "Gen", "Gen\Gen.csproj", "{E4385E0E-C86D-4600-ABBA-DFA512F9256B}"
EndProject
Project("{FAE04EC0-301F-11D3-BF4B-00C04F79EFBC}") = "RestStart", "RestStart\RestStart.csproj", "{1CDB1D6A-A6E7-4AAC-9262-23D9D83D07D4}"
EndProject
Project("{2150E333-8FDC-42A3-9474-1A3956D46DE8}") = "Perf", "Perf", "{B00DA62B-86B7-4EE5-935C-CE10767A4A97}"
	ProjectSection(SolutionItems) = preProject
		Perf\Perf.txt = Perf\Perf.txt
	EndProjectSection
EndProject
Project("{2150E333-8FDC-42A3-9474-1A3956D46DE8}") = "Docs", "Docs", "{8419F4DC-2839-40E1-AA9B-62F82B443216}"
	ProjectSection(SolutionItems) = preProject
		Docs\Docs.txt = Docs\Docs.txt
	EndProjectSection
EndProject
Project("{2150E333-8FDC-42A3-9474-1A3956D46DE8}") = ".nuget", ".nuget", "{3EB6368A-BA7C-4386-B855-541399D1A2FD}"
	ProjectSection(SolutionItems) = preProject
		.nuget\packages.config = .nuget\packages.config
	EndProjectSection
EndProject
Project("{FAE04EC0-301F-11D3-BF4B-00C04F79EFBC}") = "Ext", "Ext\Ext.csproj", "{F7548E63-F45B-416C-A7BD-698CE4E772C8}"
EndProject
Project("{FAE04EC0-301F-11D3-BF4B-00C04F79EFBC}") = "1С", "1С\1С.csproj", "{55AFDF73-2461-4FE8-BB4B-8E4A92AEB3F8}"
EndProject
Global
	GlobalSection(TeamFoundationVersionControl) = preSolution
		SccNumberOfProjects = 9
		SccEnterpriseProvider = {4CA58AB2-18FA-4F8D-95D4-32DDF27D184C}
		SccTeamFoundationServer = https://rugut.visualstudio.com/defaultcollection
		SccLocalPath0 = .
		SccProjectUniqueName1 = Ajax\\Ajax.csproj
		SccProjectName1 = Ajax
		SccLocalPath1 = Ajax
		SccProjectUniqueName2 = UPP\\UPP.csproj
		SccProjectName2 = UPP
		SccLocalPath2 = UPP
		SccProjectUniqueName3 = RestStart\\RestStart.csproj
		SccProjectName3 = RestStart
		SccLocalPath3 = RestStart
		SccProjectUniqueName4 = Gen\\Gen.csproj
		SccProjectName4 = Gen
		SccLocalPath4 = Gen
		SccProjectUniqueName5 = Meta\\Meta.csproj
		SccProjectName5 = Meta
		SccLocalPath5 = Meta
		SccProjectUniqueName6 = Rest\\Rest.csproj
		SccProjectName6 = Rest
		SccLocalPath6 = Rest
		SccProjectUniqueName7 = Ext\\Ext.csproj
		SccProjectName7 = Ext
		SccLocalPath7 = Ext
		SccProjectUniqueName8 = 1С\\1С.csproj
		SccProjectName8 = 1С
		SccLocalPath8 = 1С
	EndGlobalSection
	GlobalSection(SolutionConfigurationPlatforms) = preSolution
		Debug|Any CPU = Debug|Any CPU
		Release|Any CPU = Release|Any CPU
	EndGlobalSection
	GlobalSection(ProjectConfigurationPlatforms) = postSolution
		{AA205FC7-874F-4FFC-AC19-DC0D74EAE4E5}.Debug|Any CPU.ActiveCfg = Debug|Any CPU
		{AA205FC7-874F-4FFC-AC19-DC0D74EAE4E5}.Debug|Any CPU.Build.0 = Debug|Any CPU
		{AA205FC7-874F-4FFC-AC19-DC0D74EAE4E5}.Release|Any CPU.ActiveCfg = Release|Any CPU
		{AA205FC7-874F-4FFC-AC19-DC0D74EAE4E5}.Release|Any CPU.Build.0 = Release|Any CPU
		{AE976F36-3E2D-4BDF-AA2B-8EDAA5543315}.Debug|Any CPU.ActiveCfg = Debug|Any CPU
		{AE976F36-3E2D-4BDF-AA2B-8EDAA5543315}.Debug|Any CPU.Build.0 = Debug|Any CPU
		{AE976F36-3E2D-4BDF-AA2B-8EDAA5543315}.Release|Any CPU.ActiveCfg = Release|Any CPU
		{AE976F36-3E2D-4BDF-AA2B-8EDAA5543315}.Release|Any CPU.Build.0 = Release|Any CPU
		{6E03C317-ABAD-441F-9ED4-B893F74DC987}.Debug|Any CPU.ActiveCfg = Debug|Any CPU
		{6E03C317-ABAD-441F-9ED4-B893F74DC987}.Debug|Any CPU.Build.0 = Debug|Any CPU
		{6E03C317-ABAD-441F-9ED4-B893F74DC987}.Release|Any CPU.ActiveCfg = Release|Any CPU
		{6E03C317-ABAD-441F-9ED4-B893F74DC987}.Release|Any CPU.Build.0 = Release|Any CPU
		{07A22D36-D52B-4E5F-9070-352C352EF460}.Debug|Any CPU.ActiveCfg = Debug|Any CPU
		{07A22D36-D52B-4E5F-9070-352C352EF460}.Debug|Any CPU.Build.0 = Debug|Any CPU
		{07A22D36-D52B-4E5F-9070-352C352EF460}.Release|Any CPU.ActiveCfg = Release|Any CPU
		{07A22D36-D52B-4E5F-9070-352C352EF460}.Release|Any CPU.Build.0 = Release|Any CPU
		{E4385E0E-C86D-4600-ABBA-DFA512F9256B}.Debug|Any CPU.ActiveCfg = Debug|Any CPU
		{E4385E0E-C86D-4600-ABBA-DFA512F9256B}.Debug|Any CPU.Build.0 = Debug|Any CPU
		{E4385E0E-C86D-4600-ABBA-DFA512F9256B}.Release|Any CPU.ActiveCfg = Release|Any CPU
		{E4385E0E-C86D-4600-ABBA-DFA512F9256B}.Release|Any CPU.Build.0 = Release|Any CPU
		{1CDB1D6A-A6E7-4AAC-9262-23D9D83D07D4}.Debug|Any CPU.ActiveCfg = Debug|Any CPU
		{1CDB1D6A-A6E7-4AAC-9262-23D9D83D07D4}.Debug|Any CPU.Build.0 = Debug|Any CPU
		{1CDB1D6A-A6E7-4AAC-9262-23D9D83D07D4}.Release|Any CPU.ActiveCfg = Release|Any CPU
		{1CDB1D6A-A6E7-4AAC-9262-23D9D83D07D4}.Release|Any CPU.Build.0 = Release|Any CPU
		{F7548E63-F45B-416C-A7BD-698CE4E772C8}.Debug|Any CPU.ActiveCfg = Debug|Any CPU
		{F7548E63-F45B-416C-A7BD-698CE4E772C8}.Debug|Any CPU.Build.0 = Debug|Any CPU
		{F7548E63-F45B-416C-A7BD-698CE4E772C8}.Release|Any CPU.ActiveCfg = Release|Any CPU
		{F7548E63-F45B-416C-A7BD-698CE4E772C8}.Release|Any CPU.Build.0 = Release|Any CPU
		{55AFDF73-2461-4FE8-BB4B-8E4A92AEB3F8}.Debug|Any CPU.ActiveCfg = Debug|Any CPU
		{55AFDF73-2461-4FE8-BB4B-8E4A92AEB3F8}.Debug|Any CPU.Build.0 = Debug|Any CPU
		{55AFDF73-2461-4FE8-BB4B-8E4A92AEB3F8}.Release|Any CPU.ActiveCfg = Release|Any CPU
		{55AFDF73-2461-4FE8-BB4B-8E4A92AEB3F8}.Release|Any CPU.Build.0 = Release|Any CPU
	EndGlobalSection
	GlobalSection(SolutionProperties) = preSolution
		HideSolutionNode = FALSE
	EndGlobalSection
	GlobalSection(Performance) = preSolution
		HasPerformanceSessions = true
	EndGlobalSection
EndGlobal
